<?xml version="1.0" encoding="utf-8"?>
<Project ToolsVersion="4.0" xmlns="http://schemas.microsoft.com/developer/msbuild/2003">
  <ItemGroup>
    <Filter Include="소스 파일">
      <UniqueIdentifier>{4FC737F1-C7A5-4376-A066-2A32D752A2FF}</UniqueIdentifier>
      <Extensions>cpp;c;cc;cxx;c++;cppm;ixx;def;odl;idl;hpj;bat;asm;asmx</Extensions>
    </Filter>
    <Filter Include="헤더 파일">
      <UniqueIdentifier>{93995380-89BD-4b04-88EB-625FBE52EBFB}</UniqueIdentifier>
      <Extensions>h;hh;hpp;hxx;h++;hm;inl;inc;ipp;xsd</Extensions>
    </Filter>
    <Filter Include="리소스 파일">
      <UniqueIdentifier>{67DA6AB6-F800-4c08-8B7A-83BB121AAD01}</UniqueIdentifier>
      <Extensions>rc;ico;cur;bmp;dlg;rc2;rct;bin;rgs;gif;jpg;jpeg;jpe;resx;tiff;tif;png;wav;mfcribbon-ms</Extensions>
    </Filter>
    <Filter Include="테스트파일">
      <UniqueIdentifier>{74220f61-b1cf-4b3f-8a1b-25ec9d82497a}</UniqueIdentifier>
    </Filter>
    <Filter Include="Commands">
      <UniqueIdentifier>{fafe17d0-a864-4546-b4a8-9054d2477672}</UniqueIdentifier>
    </Filter>
    <Filter Include="Commands\헤더파일">
      <UniqueIdentifier>{32c5791a-bec9-4fb4-a4e6-d15bd8808d7d}</UniqueIdentifier>
    </Filter>
    <Filter Include="Commands\소스파일">
      <UniqueIdentifier>{4c3eec1b-f88f-4be6-bf9b-741972706af6}</UniqueIdentifier>
    </Filter>
  </ItemGroup>
  <ItemGroup>
    <None Include="packages.config" />
  </ItemGroup>
  <ItemGroup>
    <ClCompile Include="main.cpp">
      <Filter>소스 파일</Filter>
    </ClCompile>
    <ClCompile Include="$(MSBuildThisFileDirectory)..\..\lib\native\src\gtest\gtest-all.cc">
      <Filter>소스 파일</Filter>
    </ClCompile>
    <ClCompile Include="$(MSBuildThisFileDirectory)..\..\lib\native\src\gmock\gmock-all.cc">
      <Filter>소스 파일</Filter>
    </ClCompile>
    <ClCompile Include="test_shell.cpp">
      <Filter>소스 파일</Filter>
    </ClCompile>
    <ClCompile Include="ssd_adapter.cpp">
      <Filter>소스 파일</Filter>
    </ClCompile>
    <ClCompile Include="logger.cpp">
      <Filter>소스 파일</Filter>
    </ClCompile>
    <ClCompile Include="test_runner.cpp">
      <Filter>소스 파일</Filter>
    </ClCompile>
    <ClCompile Include="script_test.cpp">
      <Filter>테스트파일</Filter>
    </ClCompile>
    <ClCompile Include="basic_test.cpp">
      <Filter>테스트파일</Filter>
    </ClCompile>
    <ClCompile Include="command_factory.cpp">
      <Filter>Commands\소스파일</Filter>
    </ClCompile>
    <ClCompile Include="read_command.cpp">
      <Filter>Commands\소스파일</Filter>
    </ClCompile>
    <ClCompile Include="write_command.cpp">
      <Filter>Commands\소스파일</Filter>
    </ClCompile>
    <ClCompile Include="full_write_command.cpp">
      <Filter>Commands\소스파일</Filter>
    </ClCompile>
    <ClCompile Include="full_read_command.cpp">
      <Filter>Commands\소스파일</Filter>
    </ClCompile>
    <ClCompile Include="erase_command.cpp">
      <Filter>Commands\소스파일</Filter>
    </ClCompile>
    <ClCompile Include="erase_range_command.cpp">
      <Filter>Commands\소스파일</Filter>
    </ClCompile>
    <ClCompile Include="full_write_read_compare.cpp">
      <Filter>Commands\소스파일</Filter>
    </ClCompile>
    <ClCompile Include="partial_lba_write.cpp">
      <Filter>Commands\소스파일</Filter>
    </ClCompile>
    <ClCompile Include="write_read_aging.cpp">
      <Filter>Commands\소스파일</Filter>
    </ClCompile>
    <ClCompile Include="erase_write_aging.cpp">
      <Filter>Commands\소스파일</Filter>
    </ClCompile>
  </ItemGroup>
  <ItemGroup>
    <ClInclude Include="test_shell.h">
      <Filter>헤더 파일</Filter>
    </ClInclude>
    <ClInclude Include="mock_ssd_adapter.h">
      <Filter>헤더 파일</Filter>
    </ClInclude>
    <ClInclude Include="ssd_interface.h">
      <Filter>헤더 파일</Filter>
    </ClInclude>
    <ClInclude Include="constants.h">
      <Filter>헤더 파일</Filter>
    </ClInclude>
    <ClInclude Include="ssd_adapter.h">
      <Filter>헤더 파일</Filter>
    </ClInclude>
    <ClInclude Include="logger.h">
      <Filter>헤더 파일</Filter>
    </ClInclude>
    <ClInclude Include="test_runner.h">
      <Filter>헤더 파일</Filter>
    </ClInclude>
    <ClInclude Include="test_case.h">
      <Filter>테스트파일</Filter>
    </ClInclude>
    <ClInclude Include="all_commands.h">
      <Filter>Commands\헤더파일</Filter>
    </ClInclude>
    <ClInclude Include="command_factory.h">
      <Filter>Commands\헤더파일</Filter>
    </ClInclude>
    <ClInclude Include="erase_command.h">
      <Filter>Commands\헤더파일</Filter>
    </ClInclude>
    <ClInclude Include="erase_range_command.h">
      <Filter>Commands\헤더파일</Filter>
    </ClInclude>
    <ClInclude Include="erase_write_aging.h">
      <Filter>Commands\헤더파일</Filter>
    </ClInclude>
    <ClInclude Include="full_write_read_compare.h">
      <Filter>Commands\헤더파일</Filter>
    </ClInclude>
    <ClInclude Include="ICommand.h">
      <Filter>Commands\헤더파일</Filter>
    </ClInclude>
    <ClInclude Include="partial_lba_write.h">
      <Filter>Commands\헤더파일</Filter>
    </ClInclude>
    <ClInclude Include="read_command.h">
      <Filter>Commands\헤더파일</Filter>
    </ClInclude>
    <ClInclude Include="write_command.h">
      <Filter>Commands\헤더파일</Filter>
    </ClInclude>
    <ClInclude Include="write_read_aging.h">
      <Filter>Commands\헤더파일</Filter>
    </ClInclude>
    <ClInclude Include="full_read_command.h">
      <Filter>Commands\헤더파일</Filter>
    </ClInclude>
    <ClInclude Include="full_write_command.h">
      <Filter>Commands\헤더파일</Filter>
    </ClInclude>
  </ItemGroup>
  <ItemGroup>
    <Text Include="latest.log">
      <Filter>리소스 파일</Filter>
    </Text>
    <Text Include="shell_script.txt">
      <Filter>리소스 파일</Filter>
    </Text>
  </ItemGroup>
</Project>